
Microsoft Visual Studio Solution File, Format Version 12.00
# Visual Studio 2013
VisualStudioVersion = 12.0.21005.1
MinimumVisualStudioVersion = 10.0.40219.1
Project("{8BC9CEB8-8B4A-11D0-8D11-00A0C91BC942}") = "test", "test\test.vcxproj", "{5076C827-BE0E-47E3-8595-3B1CD5820B0C}"
EndProject
Project("{8BC9CEB8-8B4A-11D0-8D11-00A0C91BC942}") = "dlltest", "dlltest\dlltest.vcxproj", "{ED14A76F-2E89-46C0-B7E3-8E8ECCF63B33}"
EndProject
Project("{8BC9CEB8-8B4A-11D0-8D11-00A0C91BC942}") = "dllapp", "dllapp\dllapp.vcxproj", "{A8F15C3B-377C-4CF3-95DB-C3975A2AE165}"
EndProject
Project("{8BC9CEB8-8B4A-11D0-8D11-00A0C91BC942}") = "libapp", "libapp\libapp.vcxproj", "{22930FAF-6001-4D59-B75D-5A64F9FC2150}"
EndProject
Global
	GlobalSection(SolutionConfigurationPlatforms) = preSolution
		Debug|Win32 = Debug|Win32
		Release|Win32 = Release|Win32
	EndGlobalSection
	GlobalSection(ProjectConfigurationPlatforms) = postSolution
		{5076C827-BE0E-47E3-8595-3B1CD5820B0C}.Debug|Win32.ActiveCfg = Debug|Win32
		{5076C827-BE0E-47E3-8595-3B1CD5820B0C}.Debug|Win32.Build.0 = Debug|Win32
		{5076C827-BE0E-47E3-8595-3B1CD5820B0C}.Release|Win32.ActiveCfg = Release|Win32
		{5076C827-BE0E-47E3-8595-3B1CD5820B0C}.Release|Win32.Build.0 = Release|Win32
		{ED14A76F-2E89-46C0-B7E3-8E8ECCF63B33}.Debug|Win32.ActiveCfg = Debug|Win32
		{ED14A76F-2E89-46C0-B7E3-8E8ECCF63B33}.Debug|Win32.Build.0 = Debug|Win32
		{ED14A76F-2E89-46C0-B7E3-8E8ECCF63B33}.Release|Win32.ActiveCfg = Release|Win32
		{ED14A76F-2E89-46C0-B7E3-8E8ECCF63B33}.Release|Win32.Build.0 = Release|Win32
		{A8F15C3B-377C-4CF3-95DB-C3975A2AE165}.Debug|Win32.ActiveCfg = Debug|Win32
		{A8F15C3B-377C-4CF3-95DB-C3975A2AE165}.Debug|Win32.Build.0 = Debug|Win32
		{A8F15C3B-377C-4CF3-95DB-C3975A2AE165}.Release|Win32.ActiveCfg = Release|Win32
		{A8F15C3B-377C-4CF3-95DB-C3975A2AE165}.Release|Win32.Build.0 = Release|Win32
		{22930FAF-6001-4D59-B75D-5A64F9FC2150}.Debug|Win32.ActiveCfg = Debug|Win32
		{22930FAF-6001-4D59-B75D-5A64F9FC2150}.Debug|Win32.Build.0 = Debug|Win32
		{22930FAF-6001-4D59-B75D-5A64F9FC2150}.Release|Win32.ActiveCfg = Release|Win32
		{22930FAF-6001-4D59-B75D-5A64F9FC2150}.Release|Win32.Build.0 = Release|Win32
	EndGlobalSection
	GlobalSection(SolutionProperties) = preSolution
		HideSolutionNode = FALSE
	EndGlobalSection
EndGlobal
